hash: bdf5c0b43903ad8f1246f2cdfe547d87d5dcc3a4055c326109e5a2a40514e3e3
updated: 2017-07-02T17:36:10.761797119+02:00
imports:
- name: cloud.google.com/go
  version: a5913b3f7deecba45e98ff33cefbac4fd204ddd7
  subpackages:
  - compute/metadata
- name: github.com/aarondl/tpl
  version: e4905e745b4e2371caa002edf3ccdaf798ffd4b4
- name: github.com/davecgh/go-spew
  version: 782f4967f2dc4564575ca782fe2d04090b5faca8
  subpackages:
  - spew
- name: github.com/go-sql-driver/mysql
  version: 8fefef06da7707b5a3cda42195a6b409c9c9ab5c
- name: github.com/golang/protobuf
  version: 6a1fa9404c0aebf36c879bc50152edcc953910d2
  subpackages:
  - proto
- name: github.com/gorilla/context
  version: 08b5f424b9271eedf6f9f0ce86cb9396ed337a42
- name: github.com/gorilla/mux
  version: 8c683ee571b6ee7ffc9f1cafd13103c422e71cbf
- name: github.com/gorilla/schema
  version: 8b1100835db5bbdae88541510f70d114b91a7e4d
- name: github.com/gorilla/securecookie
  version: e59506cc896acb7f7bf732d4fdf5e25f7ccd8983
- name: github.com/gorilla/sessions
  version: 8b6b4cd75f07f7ee036eb37b8127bd40ab1efc49
- name: github.com/jinzhu/gorm
  version: eae7f6be603af3190e032fe3c4d465ddaf6ea3d4
  subpackages:
  - dialects/mysql
- name: github.com/jinzhu/inflection
  version: 1c35d901db3da928c72a72d8458480cc9ade058f
- name: github.com/justinas/alice
  version: 1051eaf52fcafdd87ead59d28b065f1fcb8274ec
- name: github.com/justinas/nosurf
  version: 8e15682772641a1e39c431233e6a9338a32def32
- name: github.com/nfnt/resize
  version: 891127d8d1b52734debe1b3c3d7e747502b6c366
- name: github.com/oxtoacart/bpool
  version: 4e1c5567d7c2dd59fa4c7c83d34c2f3528b025d6
- name: github.com/wellington/go-libsass
  version: e4e2caac0b909f543121a9d2bfecdc55d88a7d08
  repo: https://github.com/wellington/go-libsass
  subpackages:
  - libs
- name: github.com/znly/go-sprockets
  version: 4e468a03bbad598a407d2bb5ff6e4af848120087
  subpackages:
  - assetscache
  - bundlecompiler
  - dependencygraph
  - filecompiler
  - stringlist
  - types
- name: golang.org/x/crypto
  version: 5ef0053f77724838734b6945dd364d3847e5de1d
  subpackages:
  - bcrypt
  - blowfish
- name: golang.org/x/net
  version: e7da8edaa52631091740908acaf2c2d4c9b3ce90
  repo: https://go.googlesource.com/net
  subpackages:
  - context
  - context/ctxhttp
- name: golang.org/x/oauth2
  version: cce311a261e6fcf29de72ca96827bdb0b7d9c9e6
  subpackages:
  - google
  - internal
  - jws
  - jwt
- name: google.golang.org/appengine
  version: d11fc8a8dccf41ab5bd3c51a3ea52051240e325c
  subpackages:
  - internal
  - internal/app_identity
  - internal/base
  - internal/datastore
  - internal/log
  - internal/modules
  - internal/remote_api
  - internal/urlfetch
  - urlfetch
- name: gopkg.in/authboss.v1
  version: be948e61d1f76faa4f25bd0eb32a4fb6c46659e5
  subpackages:
  - auth
  - confirm
  - internal/response
  - lock
  - oauth2
  - recover
  - register
  - remember
- name: gopkg.in/olebedev/go-duktape.v2
  version: 55fa18c4e63070a925cf2090e699d4e6edd80949
  repo: https://gopkg.in/olebedev/go-duktape.v2
testImports: []
